
Microsoft Visual Studio Solution File, Format Version 12.00
# Visual Studio 2012
Project("{FAE04EC0-301F-11D3-BF4B-00C04F79EFBC}") = "abs", "abs\abs.csproj", "{64549CD8-9630-410E-BFAA-AF8FA71D7779}"
EndProject
Project("{FAE04EC0-301F-11D3-BF4B-00C04F79EFBC}") = "abs.iOS", "iOS\abs.iOS.csproj", "{516A7330-F9ED-4D7B-88BB-90326C1D35D1}"
EndProject
Project("{FAE04EC0-301F-11D3-BF4B-00C04F79EFBC}") = "abs.Droid", "Droid\abs.Droid.csproj", "{AC527B54-F5DA-4920-B562-7656025F50A7}"
EndProject
Global
	GlobalSection(SolutionConfigurationPlatforms) = preSolution
		Debug|Any CPU = Debug|Any CPU
		Release|Any CPU = Release|Any CPU
		Debug|iPhoneSimulator = Debug|iPhoneSimulator
		Release|iPhone = Release|iPhone
		Release|iPhoneSimulator = Release|iPhoneSimulator
		Debug|iPhone = Debug|iPhone
	EndGlobalSection
	GlobalSection(ProjectConfigurationPlatforms) = postSolution
		{516A7330-F9ED-4D7B-88BB-90326C1D35D1}.Debug|Any CPU.ActiveCfg = Debug|iPhoneSimulator
		{516A7330-F9ED-4D7B-88BB-90326C1D35D1}.Debug|Any CPU.Build.0 = Debug|iPhoneSimulator
		{516A7330-F9ED-4D7B-88BB-90326C1D35D1}.Debug|iPhone.ActiveCfg = Debug|iPhone
		{516A7330-F9ED-4D7B-88BB-90326C1D35D1}.Debug|iPhone.Build.0 = Debug|iPhone
		{516A7330-F9ED-4D7B-88BB-90326C1D35D1}.Debug|iPhoneSimulator.ActiveCfg = Debug|iPhoneSimulator
		{516A7330-F9ED-4D7B-88BB-90326C1D35D1}.Debug|iPhoneSimulator.Build.0 = Debug|iPhoneSimulator
		{516A7330-F9ED-4D7B-88BB-90326C1D35D1}.Release|Any CPU.ActiveCfg = Release|iPhone
		{516A7330-F9ED-4D7B-88BB-90326C1D35D1}.Release|Any CPU.Build.0 = Release|iPhone
		{516A7330-F9ED-4D7B-88BB-90326C1D35D1}.Release|iPhone.ActiveCfg = Release|iPhone
		{516A7330-F9ED-4D7B-88BB-90326C1D35D1}.Release|iPhone.Build.0 = Release|iPhone
		{516A7330-F9ED-4D7B-88BB-90326C1D35D1}.Release|iPhoneSimulator.ActiveCfg = Release|iPhoneSimulator
		{516A7330-F9ED-4D7B-88BB-90326C1D35D1}.Release|iPhoneSimulator.Build.0 = Release|iPhoneSimulator
		{64549CD8-9630-410E-BFAA-AF8FA71D7779}.Debug|Any CPU.ActiveCfg = Debug|Any CPU
		{64549CD8-9630-410E-BFAA-AF8FA71D7779}.Debug|Any CPU.Build.0 = Debug|Any CPU
		{64549CD8-9630-410E-BFAA-AF8FA71D7779}.Debug|iPhone.ActiveCfg = Debug|Any CPU
		{64549CD8-9630-410E-BFAA-AF8FA71D7779}.Debug|iPhone.Build.0 = Debug|Any CPU
		{64549CD8-9630-410E-BFAA-AF8FA71D7779}.Debug|iPhoneSimulator.ActiveCfg = Debug|Any CPU
		{64549CD8-9630-410E-BFAA-AF8FA71D7779}.Debug|iPhoneSimulator.Build.0 = Debug|Any CPU
		{64549CD8-9630-410E-BFAA-AF8FA71D7779}.Release|Any CPU.ActiveCfg = Release|Any CPU
		{64549CD8-9630-410E-BFAA-AF8FA71D7779}.Release|Any CPU.Build.0 = Release|Any CPU
		{64549CD8-9630-410E-BFAA-AF8FA71D7779}.Release|iPhone.ActiveCfg = Release|Any CPU
		{64549CD8-9630-410E-BFAA-AF8FA71D7779}.Release|iPhone.Build.0 = Release|Any CPU
		{64549CD8-9630-410E-BFAA-AF8FA71D7779}.Release|iPhoneSimulator.ActiveCfg = Release|Any CPU
		{64549CD8-9630-410E-BFAA-AF8FA71D7779}.Release|iPhoneSimulator.Build.0 = Release|Any CPU
		{AC527B54-F5DA-4920-B562-7656025F50A7}.Debug|Any CPU.ActiveCfg = Debug|Any CPU
		{AC527B54-F5DA-4920-B562-7656025F50A7}.Debug|Any CPU.Build.0 = Debug|Any CPU
		{AC527B54-F5DA-4920-B562-7656025F50A7}.Debug|iPhone.ActiveCfg = Debug|Any CPU
		{AC527B54-F5DA-4920-B562-7656025F50A7}.Debug|iPhone.Build.0 = Debug|Any CPU
		{AC527B54-F5DA-4920-B562-7656025F50A7}.Debug|iPhoneSimulator.ActiveCfg = Debug|Any CPU
		{AC527B54-F5DA-4920-B562-7656025F50A7}.Debug|iPhoneSimulator.Build.0 = Debug|Any CPU
		{AC527B54-F5DA-4920-B562-7656025F50A7}.Release|Any CPU.ActiveCfg = Release|Any CPU
		{AC527B54-F5DA-4920-B562-7656025F50A7}.Release|Any CPU.Build.0 = Release|Any CPU
		{AC527B54-F5DA-4920-B562-7656025F50A7}.Release|iPhone.ActiveCfg = Release|Any CPU
		{AC527B54-F5DA-4920-B562-7656025F50A7}.Release|iPhone.Build.0 = Release|Any CPU
		{AC527B54-F5DA-4920-B562-7656025F50A7}.Release|iPhoneSimulator.ActiveCfg = Release|Any CPU
		{AC527B54-F5DA-4920-B562-7656025F50A7}.Release|iPhoneSimulator.Build.0 = Release|Any CPU
	EndGlobalSection
EndGlobal
